
Microsoft Visual Studio Solution File, Format Version 12.00
# Visual Studio Version 16
VisualStudioVersion = 16.0.31105.61
MinimumVisualStudioVersion = 10.0.40219.1
Project("{9A19103F-16F7-4668-BE54-9A1E7A4F7556}") = "Oblig1", "Oblig1.csproj", "{56F6672A-0E89-45E6-A2BE-5F6B0FC8345C}"
EndProject
Project("{FAE04EC0-301F-11D3-BF4B-00C04F79EFBC}") = "Test", "..\Test\Test.csproj", "{77CD119E-9379-4CB6-9977-0EF02D7A4CDC}"
EndProject
Global
	GlobalSection(SolutionConfigurationPlatforms) = preSolution
		Debug|Any CPU = Debug|Any CPU
		Release|Any CPU = Release|Any CPU
	EndGlobalSection
	GlobalSection(ProjectConfigurationPlatforms) = postSolution
		{56F6672A-0E89-45E6-A2BE-5F6B0FC8345C}.Debug|Any CPU.ActiveCfg = Debug|Any CPU
		{56F6672A-0E89-45E6-A2BE-5F6B0FC8345C}.Debug|Any CPU.Build.0 = Debug|Any CPU
		{56F6672A-0E89-45E6-A2BE-5F6B0FC8345C}.Release|Any CPU.ActiveCfg = Release|Any CPU
		{56F6672A-0E89-45E6-A2BE-5F6B0FC8345C}.Release|Any CPU.Build.0 = Release|Any CPU
		{77CD119E-9379-4CB6-9977-0EF02D7A4CDC}.Debug|Any CPU.ActiveCfg = Debug|Any CPU
		{77CD119E-9379-4CB6-9977-0EF02D7A4CDC}.Debug|Any CPU.Build.0 = Debug|Any CPU
		{77CD119E-9379-4CB6-9977-0EF02D7A4CDC}.Release|Any CPU.ActiveCfg = Release|Any CPU
		{77CD119E-9379-4CB6-9977-0EF02D7A4CDC}.Release|Any CPU.Build.0 = Release|Any CPU
	EndGlobalSection
	GlobalSection(SolutionProperties) = preSolution
		HideSolutionNode = FALSE
	EndGlobalSection
	GlobalSection(ExtensibilityGlobals) = postSolution
		SolutionGuid = {15E566AB-8299-4A10-87E2-7D3E14E09CD2}
	EndGlobalSection
EndGlobal
